
Microsoft Visual Studio Solution File, Format Version 12.00
# Visual Studio Version 17
VisualStudioVersion = 17.11.35327.3
MinimumVisualStudioVersion = 10.0.40219.1
Project("{778DAE3C-4631-46EA-AA77-85C1314464D9}") = "WinFormsApp1", "WinFormsApp1.vbproj", "{EB797DD6-7250-491F-AF8D-36F3DDE33FF9}"
EndProject
Global
	GlobalSection(SolutionConfigurationPlatforms) = preSolution
		Debug|Any CPU = Debug|Any CPU
		Release|Any CPU = Release|Any CPU
	EndGlobalSection
	GlobalSection(ProjectConfigurationPlatforms) = postSolution
		{EB797DD6-7250-491F-AF8D-36F3DDE33FF9}.Debug|Any CPU.ActiveCfg = Debug|Any CPU
		{EB797DD6-7250-491F-AF8D-36F3DDE33FF9}.Debug|Any CPU.Build.0 = Debug|Any CPU
		{EB797DD6-7250-491F-AF8D-36F3DDE33FF9}.Release|Any CPU.ActiveCfg = Release|Any CPU
		{EB797DD6-7250-491F-AF8D-36F3DDE33FF9}.Release|Any CPU.Build.0 = Release|Any CPU
	EndGlobalSection
	GlobalSection(SolutionProperties) = preSolution
		HideSolutionNode = FALSE
	EndGlobalSection
	GlobalSection(ExtensibilityGlobals) = postSolution
		SolutionGuid = {6EF8686D-C113-4A6F-A062-981AFBA1099F}
	EndGlobalSection
EndGlobal
